
Microsoft Visual Studio Solution File, Format Version 12.00
# Visual Studio 15
VisualStudioVersion = 15.0.26403.7
MinimumVisualStudioVersion = 10.0.40219.1
Project("{FAE04EC0-301F-11D3-BF4B-00C04F79EFBC}") = "01. Fill the matrix", "01. Fill the matrix\01. Fill the matrix.csproj", "{D1455F27-E037-452A-A1A1-B2E38441C21D}"
EndProject
Project("{FAE04EC0-301F-11D3-BF4B-00C04F79EFBC}") = "02. Maximal sum", "02. Maximal sum\02. Maximal sum.csproj", "{98C1DF6D-B14D-42E7-A182-44B0072F74F4}"
EndProject
Project("{FAE04EC0-301F-11D3-BF4B-00C04F79EFBC}") = "03. Sequence in matrix", "03. Sequence in matrix\03. Sequence in matrix.csproj", "{A2658AD4-BB8A-4DA2-9522-5D88285CDBAB}"
EndProject
Project("{FAE04EC0-301F-11D3-BF4B-00C04F79EFBC}") = "04. Binary search", "04. Binary search\04. Binary search.csproj", "{0ECE0124-4C63-4694-9CBA-7FA1C51009C9}"
EndProject
Project("{FAE04EC0-301F-11D3-BF4B-00C04F79EFBC}") = "05. Sort by string length", "05. Sort by string length\05. Sort by string length.csproj", "{6BB2994B-BE1A-4FD6-B3DE-1590557DB508}"
EndProject
Project("{FAE04EC0-301F-11D3-BF4B-00C04F79EFBC}") = "06. Largest area in matrix", "06. Largest area in matrix\06. Largest area in matrix.csproj", "{316D8428-E8AD-4422-B38C-AA410650582D}"
EndProject
Global
	GlobalSection(SolutionConfigurationPlatforms) = preSolution
		Debug|Any CPU = Debug|Any CPU
		Release|Any CPU = Release|Any CPU
	EndGlobalSection
	GlobalSection(ProjectConfigurationPlatforms) = postSolution
		{D1455F27-E037-452A-A1A1-B2E38441C21D}.Debug|Any CPU.ActiveCfg = Debug|Any CPU
		{D1455F27-E037-452A-A1A1-B2E38441C21D}.Debug|Any CPU.Build.0 = Debug|Any CPU
		{D1455F27-E037-452A-A1A1-B2E38441C21D}.Release|Any CPU.ActiveCfg = Release|Any CPU
		{D1455F27-E037-452A-A1A1-B2E38441C21D}.Release|Any CPU.Build.0 = Release|Any CPU
		{98C1DF6D-B14D-42E7-A182-44B0072F74F4}.Debug|Any CPU.ActiveCfg = Debug|Any CPU
		{98C1DF6D-B14D-42E7-A182-44B0072F74F4}.Debug|Any CPU.Build.0 = Debug|Any CPU
		{98C1DF6D-B14D-42E7-A182-44B0072F74F4}.Release|Any CPU.ActiveCfg = Release|Any CPU
		{98C1DF6D-B14D-42E7-A182-44B0072F74F4}.Release|Any CPU.Build.0 = Release|Any CPU
		{A2658AD4-BB8A-4DA2-9522-5D88285CDBAB}.Debug|Any CPU.ActiveCfg = Debug|Any CPU
		{A2658AD4-BB8A-4DA2-9522-5D88285CDBAB}.Debug|Any CPU.Build.0 = Debug|Any CPU
		{A2658AD4-BB8A-4DA2-9522-5D88285CDBAB}.Release|Any CPU.ActiveCfg = Release|Any CPU
		{A2658AD4-BB8A-4DA2-9522-5D88285CDBAB}.Release|Any CPU.Build.0 = Release|Any CPU
		{0ECE0124-4C63-4694-9CBA-7FA1C51009C9}.Debug|Any CPU.ActiveCfg = Debug|Any CPU
		{0ECE0124-4C63-4694-9CBA-7FA1C51009C9}.Debug|Any CPU.Build.0 = Debug|Any CPU
		{0ECE0124-4C63-4694-9CBA-7FA1C51009C9}.Release|Any CPU.ActiveCfg = Release|Any CPU
		{0ECE0124-4C63-4694-9CBA-7FA1C51009C9}.Release|Any CPU.Build.0 = Release|Any CPU
		{6BB2994B-BE1A-4FD6-B3DE-1590557DB508}.Debug|Any CPU.ActiveCfg = Debug|Any CPU
		{6BB2994B-BE1A-4FD6-B3DE-1590557DB508}.Debug|Any CPU.Build.0 = Debug|Any CPU
		{6BB2994B-BE1A-4FD6-B3DE-1590557DB508}.Release|Any CPU.ActiveCfg = Release|Any CPU
		{6BB2994B-BE1A-4FD6-B3DE-1590557DB508}.Release|Any CPU.Build.0 = Release|Any CPU
		{316D8428-E8AD-4422-B38C-AA410650582D}.Debug|Any CPU.ActiveCfg = Debug|Any CPU
		{316D8428-E8AD-4422-B38C-AA410650582D}.Debug|Any CPU.Build.0 = Debug|Any CPU
		{316D8428-E8AD-4422-B38C-AA410650582D}.Release|Any CPU.ActiveCfg = Release|Any CPU
		{316D8428-E8AD-4422-B38C-AA410650582D}.Release|Any CPU.Build.0 = Release|Any CPU
	EndGlobalSection
	GlobalSection(SolutionProperties) = preSolution
		HideSolutionNode = FALSE
	EndGlobalSection
EndGlobal
